
Microsoft Visual Studio Solution File, Format Version 12.00
# Visual Studio Version 18
VisualStudioVersion = 18.0.11012.119 d18.0
MinimumVisualStudioVersion = 10.0.40219.1
Project("{FAE04EC0-301F-11D3-BF4B-00C04F79EFBC}") = "PackBook", "PackBook.csproj", "{E55AD838-0CA7-801D-7C9E-C757DAFBAA59}"
EndProject
Global
	GlobalSection(SolutionConfigurationPlatforms) = preSolution
		Debug|Any CPU = Debug|Any CPU
		Release|Any CPU = Release|Any CPU
	EndGlobalSection
	GlobalSection(ProjectConfigurationPlatforms) = postSolution
		{E55AD838-0CA7-801D-7C9E-C757DAFBAA59}.Debug|Any CPU.ActiveCfg = Debug|Any CPU
		{E55AD838-0CA7-801D-7C9E-C757DAFBAA59}.Debug|Any CPU.Build.0 = Debug|Any CPU
		{E55AD838-0CA7-801D-7C9E-C757DAFBAA59}.Release|Any CPU.ActiveCfg = Release|Any CPU
		{E55AD838-0CA7-801D-7C9E-C757DAFBAA59}.Release|Any CPU.Build.0 = Release|Any CPU
	EndGlobalSection
	GlobalSection(SolutionProperties) = preSolution
		HideSolutionNode = FALSE
	EndGlobalSection
	GlobalSection(ExtensibilityGlobals) = postSolution
		SolutionGuid = {51897188-01A4-4F3F-BCAD-8A87D84A668E}
	EndGlobalSection
EndGlobal
